
Microsoft Visual Studio Solution File, Format Version 12.00
# Visual Studio Version 17
VisualStudioVersion = 17.7.34031.279
MinimumVisualStudioVersion = 10.0.40219.1
Project("{9A19103F-16F7-4668-BE54-9A1E7A4F7556}") = "RPGWiki", "RPGWiki.csproj", "{A0175ECE-12C6-45FC-9BE0-C9EEB95A0274}"
EndProject
Project("{9A19103F-16F7-4668-BE54-9A1E7A4F7556}") = "RPGWiki_Console", "..\RPGWiki_Console\RPGWiki_Console.csproj", "{ED879F57-A8B7-433F-ADA9-67E439D2943E}"
EndProject
Project("{FAE04EC0-301F-11D3-BF4B-00C04F79EFBC}") = "RPGWiki.Shared.Models", "..\RPGWiki.Shared.Models\RPGWiki.Shared.Models.csproj", "{4A2EDBD9-3180-464E-9778-8B837835D1D4}"
EndProject
Project("{FAE04EC0-301F-11D3-BF4B-00C04F79EFBC}") = "RPGWiki.Shared.Data", "..\RPGWiki.Shared.Data\RPGWiki.Shared.Data.csproj", "{8B2F3FF9-3D81-4FB3-ABC4-90146B4EB952}"
EndProject
Global
	GlobalSection(SolutionConfigurationPlatforms) = preSolution
		Debug|Any CPU = Debug|Any CPU
		Release|Any CPU = Release|Any CPU
	EndGlobalSection
	GlobalSection(ProjectConfigurationPlatforms) = postSolution
		{A0175ECE-12C6-45FC-9BE0-C9EEB95A0274}.Debug|Any CPU.ActiveCfg = Debug|Any CPU
		{A0175ECE-12C6-45FC-9BE0-C9EEB95A0274}.Debug|Any CPU.Build.0 = Debug|Any CPU
		{A0175ECE-12C6-45FC-9BE0-C9EEB95A0274}.Release|Any CPU.ActiveCfg = Release|Any CPU
		{A0175ECE-12C6-45FC-9BE0-C9EEB95A0274}.Release|Any CPU.Build.0 = Release|Any CPU
		{ED879F57-A8B7-433F-ADA9-67E439D2943E}.Debug|Any CPU.ActiveCfg = Debug|Any CPU
		{ED879F57-A8B7-433F-ADA9-67E439D2943E}.Debug|Any CPU.Build.0 = Debug|Any CPU
		{ED879F57-A8B7-433F-ADA9-67E439D2943E}.Release|Any CPU.ActiveCfg = Release|Any CPU
		{ED879F57-A8B7-433F-ADA9-67E439D2943E}.Release|Any CPU.Build.0 = Release|Any CPU
		{4A2EDBD9-3180-464E-9778-8B837835D1D4}.Debug|Any CPU.ActiveCfg = Debug|Any CPU
		{4A2EDBD9-3180-464E-9778-8B837835D1D4}.Debug|Any CPU.Build.0 = Debug|Any CPU
		{4A2EDBD9-3180-464E-9778-8B837835D1D4}.Release|Any CPU.ActiveCfg = Release|Any CPU
		{4A2EDBD9-3180-464E-9778-8B837835D1D4}.Release|Any CPU.Build.0 = Release|Any CPU
		{8B2F3FF9-3D81-4FB3-ABC4-90146B4EB952}.Debug|Any CPU.ActiveCfg = Debug|Any CPU
		{8B2F3FF9-3D81-4FB3-ABC4-90146B4EB952}.Debug|Any CPU.Build.0 = Debug|Any CPU
		{8B2F3FF9-3D81-4FB3-ABC4-90146B4EB952}.Release|Any CPU.ActiveCfg = Release|Any CPU
		{8B2F3FF9-3D81-4FB3-ABC4-90146B4EB952}.Release|Any CPU.Build.0 = Release|Any CPU
	EndGlobalSection
	GlobalSection(SolutionProperties) = preSolution
		HideSolutionNode = FALSE
	EndGlobalSection
	GlobalSection(ExtensibilityGlobals) = postSolution
		SolutionGuid = {B1E6FC4B-6F95-4BAF-A506-CFF0DE0F8044}
	EndGlobalSection
EndGlobal
